# THIS IS AN AUTOGENERATED FILE. DO NOT EDIT THIS FILE DIRECTLY.
# yarn lockfile v1


"@fortawesome/fontawesome-common-types@^0.2.29":
  version "0.2.29"
  resolved "https://registry.yarnpkg.com/@fortawesome/fontawesome-common-types/-/fontawesome-common-types-0.2.29.tgz#e1a456b643237462d390304cab6975ff3fd68397"
  integrity sha512-cY+QfDTbZ7XVxzx7jxbC98Oxr/zc7R2QpTLqTxqlfyXDrAJjzi/xUIqAUsygELB62JIrbsWxtSRhayKFkGI7MA==

"@fortawesome/free-regular-svg-icons@^5.13.1":
  version "5.13.1"
  resolved "https://registry.yarnpkg.com/@fortawesome/free-regular-svg-icons/-/free-regular-svg-icons-5.13.1.tgz#02ac0c2fd52948d2139eca3ca42b267f17e3d725"
  integrity sha512-sSeaqqmv2ovA5LKcrbh3VnEDZHVhaxijWKm4R0AdT0eG21pgxNsJbStD8lW9z6bgSuWXRNHhbhOmARuRCLS8tw==
  dependencies:
    "@fortawesome/fontawesome-common-types" "^0.2.29"

babel-runtime@^6.26.0:
  version "6.26.0"
  resolved "https://registry.yarnpkg.com/babel-runtime/-/babel-runtime-6.26.0.tgz#965c7058668e82b55d7bfe04ff2337bc8b5647fe"
  integrity sha1-llxwWGaOgrVde/4E/yM3vItWR/4=
  dependencies:
    core-js "^2.4.0"
    regenerator-runtime "^0.11.0"

core-js@^2.4.0:
  version "2.6.11"
  resolved "https://registry.yarnpkg.com/core-js/-/core-js-2.6.11.tgz#38831469f9922bded8ee21c9dc46985e0399308c"
  integrity sha512-5wjnpaT/3dV+XB4borEsnAYQchn00XSgTAWKDkEqv+K8KevjbzmofK6hfJ9TZIlpj2N0xQpazy7PiRQiWHqzWg==

lottie-web@^5.1.3:
  version "5.7.0"
  resolved "https://registry.yarnpkg.com/lottie-web/-/lottie-web-5.7.0.tgz#628421df7a43c20a5171ac65bdc7bb4c499f8f37"
  integrity sha512-mCj9KaVR1FdcaRuKB0oqKqC2R+awlqGgx38Sy4q3H0+aNPJ9Ut5LIvBNGyMHiZRpJlPcRQ1Mk//fp2bY3QYq1A==

react-fade-in@^1.1.0:
  version "1.1.0"
  resolved "https://registry.yarnpkg.com/react-fade-in/-/react-fade-in-1.1.0.tgz#82272eba4ae5843fed333e2c7f74dc5dbdab3864"
  integrity sha512-sR36bwyimCRapcHEuEjbQkQzUuCh3BIOeQvrUc9X4HBN6nswZ3nuq1Zb0vh3lG1Xx2ZMduGMw8u4AwNGbHkI0g==

react-lottie@^1.2.3:
  version "1.2.3"
  resolved "https://registry.yarnpkg.com/react-lottie/-/react-lottie-1.2.3.tgz#8544b96939e088658072eea5e12d912cdaa3acc1"
  integrity sha512-qLCERxUr8M+4mm1LU0Ruxw5Y5Fn/OmYkGfnA+JDM/dZb3oKwVAJCjwnjkj9TMHtzR2U6sMEUD3ZZ1RaHagM7kA==
  dependencies:
    babel-runtime "^6.26.0"
    lottie-web "^5.1.3"

regenerator-runtime@^0.11.0:
  version "0.11.1"
  resolved "https://registry.yarnpkg.com/regenerator-runtime/-/regenerator-runtime-0.11.1.tgz#be05ad7f9bf7d22e056f9726cee5017fbf19e2e9"
  integrity sha512-MguG95oij0fC3QV3URf4V2SDYGJhJnJGqvIIgdECeODCT98wSWDAJ94SSuVpYQUoTcGUIL6L4yNB7j1DFFHSBg==
